# -------------------------------------------------------------------------- #
#
# Copyright (C) 1991-2013 Altera Corporation
# Your use of Altera Corporation's design tools, logic functions 
# and other software and tools, and its AMPP partner logic 
# functions, and any output files from any of the foregoing 
# (including device programming or simulation files), and any 
# associated documentation or information are expressly subject 
# to the terms and conditions of the Altera Program License 
# Subscription Agreement, Altera MegaCore Function License 
# Agreement, or other applicable license agreement, including, 
# without limitation, that your use is for the sole purpose of 
# programming logic devices manufactured by Altera and sold by 
# Altera or its authorized distributors.  Please refer to the 
# applicable agreement for further details.
#
# -------------------------------------------------------------------------- #
#
# Quartus II 64-Bit
# Version 13.0.1 Build 232 06/12/2013 Service Pack 1.dp6 SJ Full Version
# Date created = 09:23:17  October 27, 2016
#
# -------------------------------------------------------------------------- #
#
# Notes:
#
# 1) The default values for assignments are stored in the file:
#		divgmx_assignment_defaults.qdf
#    If this file doesn't exist, see file:
#		assignment_defaults.qdf
#
# 2) Altera recommends that you do not modify this file. This
#    file is updated automatically by the Quartus II software
#    and any changes you make may be lost or overwritten.
#
# -------------------------------------------------------------------------- #


set_global_assignment -name FAMILY "Cyclone III"
set_global_assignment -name DEVICE EP3C10E144C8
set_global_assignment -name TOP_LEVEL_ENTITY basic
set_global_assignment -name ORIGINAL_QUARTUS_VERSION "13.0 SP1.DP6"
set_global_assignment -name PROJECT_CREATION_TIME_DATE "09:23:17  OCTOBER 27, 2016"
set_global_assignment -name LAST_QUARTUS_VERSION "13.0 SP1.DP6"
set_global_assignment -name PROJECT_OUTPUT_DIRECTORY output_files
set_global_assignment -name MIN_CORE_JUNCTION_TEMP 0
set_global_assignment -name MAX_CORE_JUNCTION_TEMP 85
set_global_assignment -name ERROR_CHECK_FREQUENCY_DIVISOR 1
set_global_assignment -name PARTITION_NETLIST_TYPE SOURCE -section_id Top
set_global_assignment -name PARTITION_FITTER_PRESERVATION_LEVEL PLACEMENT_AND_ROUTING -section_id Top
set_global_assignment -name PARTITION_COLOR 16764057 -section_id Top
set_global_assignment -name USE_CONFIGURATION_DEVICE OFF
set_global_assignment -name CRC_ERROR_OPEN_DRAIN OFF
set_global_assignment -name STRATIX_DEVICE_IO_STANDARD "3.3-V LVTTL"
set_global_assignment -name CYCLONEII_RESERVE_NCEO_AFTER_CONFIGURATION "USE AS REGULAR IO"
set_global_assignment -name RESERVE_DATA0_AFTER_CONFIGURATION "USE AS REGULAR IO"
set_global_assignment -name RESERVE_DATA1_AFTER_CONFIGURATION "USE AS REGULAR IO"
set_global_assignment -name RESERVE_FLASH_NCE_AFTER_CONFIGURATION "USE AS REGULAR IO"
set_global_assignment -name RESERVE_DCLK_AFTER_CONFIGURATION "USE AS REGULAR IO"
set_global_assignment -name OUTPUT_IO_TIMING_NEAR_END_VMEAS "HALF VCCIO" -rise
set_global_assignment -name OUTPUT_IO_TIMING_NEAR_END_VMEAS "HALF VCCIO" -fall
set_global_assignment -name OUTPUT_IO_TIMING_FAR_END_VMEAS "HALF SIGNAL SWING" -rise
set_global_assignment -name OUTPUT_IO_TIMING_FAR_END_VMEAS "HALF SIGNAL SWING" -fall
set_location_assignment PIN_23 -to CLK_50MHZ
set_location_assignment PIN_8 -to NCSO
set_location_assignment PIN_144 -to TMDS[7]
set_location_assignment PIN_143 -to TMDS[6]
set_location_assignment PIN_133 -to TMDS[5]
set_location_assignment PIN_132 -to TMDS[4]
set_location_assignment PIN_129 -to TMDS[3]
set_location_assignment PIN_128 -to TMDS[2]
set_location_assignment PIN_113 -to TMDS[1]
set_location_assignment PIN_112 -to TMDS[0]
set_global_assignment -name DEVICE_FILTER_PACKAGE TQFP
set_global_assignment -name DEVICE_FILTER_PIN_COUNT 144
set_global_assignment -name DEVICE_FILTER_SPEED_GRADE 8
set_global_assignment -name POWER_PRESET_COOLING_SOLUTION "23 MM HEAT SINK WITH 200 LFPM AIRFLOW"
set_global_assignment -name POWER_BOARD_THERMAL_MODEL "NONE (CONSERVATIVE)"
set_global_assignment -name QIP_FILE ../rtl/pll/altpll0.qip
set_global_assignment -name VHDL_FILE ../rtl/video/vga_zx.vhd
set_global_assignment -name VHDL_FILE ../rtl/video/sync.vhd
set_global_assignment -name VHDL_FILE ../rtl/basic.vhd
set_global_assignment -name VERILOG_FILE ../rtl/hdmi/hdmidataencoder.v
set_global_assignment -name VHDL_FILE ../rtl/hdmi/hdmi.vhd
set_global_assignment -name VHDL_FILE ../rtl/hdmi/encoder.vhd
set_global_assignment -name VHDL_FILE ../rtl/hdmi/altddio_out1.vhd
set_global_assignment -name QIP_FILE ../rtl/video/vram.qip
set_location_assignment PIN_91 -to BUF_NRESET
set_location_assignment PIN_124 -to BUS_A[15]
set_location_assignment PIN_121 -to BUS_A[14]
set_location_assignment PIN_125 -to BUS_A[13]
set_location_assignment PIN_120 -to BUS_A[12]
set_location_assignment PIN_69 -to BUS_A[11]
set_location_assignment PIN_73 -to BUS_A[10]
set_location_assignment PIN_65 -to BUS_A[9]
set_location_assignment PIN_72 -to BUS_A[8]
set_location_assignment PIN_55 -to BUS_A[7]
set_location_assignment PIN_58 -to BUS_A[6]
set_location_assignment PIN_59 -to BUS_A[5]
set_location_assignment PIN_60 -to BUS_A[4]
set_location_assignment PIN_141 -to BUS_A[3]
set_location_assignment PIN_138 -to BUS_A[2]
set_location_assignment PIN_126 -to BUS_A[1]
set_location_assignment PIN_137 -to BUS_A[0]
set_location_assignment PIN_142 -to BUS_D[7]
set_location_assignment PIN_10 -to BUS_D[6]
set_location_assignment PIN_11 -to BUS_D[5]
set_location_assignment PIN_28 -to BUS_D[4]
set_location_assignment PIN_32 -to BUS_D[3]
set_location_assignment PIN_3 -to BUS_D[2]
set_location_assignment PIN_2 -to BUS_D[1]
set_location_assignment PIN_1 -to BUS_D[0]
set_location_assignment PIN_38 -to BUS_NBUSRQ
set_location_assignment PIN_34 -to BUS_NINT
set_location_assignment PIN_51 -to BUS_NIORQ
set_location_assignment PIN_42 -to BUS_NIORQGE
set_location_assignment PIN_50 -to BUS_NMREQ
set_location_assignment PIN_39 -to BUS_NROMOE
set_location_assignment PIN_83 -to BUS_NWAIT
set_location_assignment PIN_53 -to BUS_NWR
set_global_assignment -name QIP_FILE ../rtl/ram/rom.qip
set_location_assignment PIN_52 -to BUS_NRD
set_location_assignment PIN_119 -to BUF_DIR[0]
set_location_assignment PIN_33 -to BUF_DIR[1]
set_instance_assignment -name PARTITION_HIERARCHY root_partition -to | -section_id Top